
Microsoft Visual Studio Solution File, Format Version 12.00
# Visual Studio Version 17
VisualStudioVersion = 17.9.34622.214
MinimumVisualStudioVersion = 10.0.40219.1
Project("{FAE04EC0-301F-11D3-BF4B-00C04F79EFBC}") = "KajBlog-BackEnd", "KajBlog-BackEnd\KajBlog-BackEnd.csproj", "{B649ED25-D72E-438F-86B1-51E4DC57D69B}"
EndProject
Global
	GlobalSection(SolutionConfigurationPlatforms) = preSolution
		Debug|Any CPU = Debug|Any CPU
		Release|Any CPU = Release|Any CPU
	EndGlobalSection
	GlobalSection(ProjectConfigurationPlatforms) = postSolution
		{B649ED25-D72E-438F-86B1-51E4DC57D69B}.Debug|Any CPU.ActiveCfg = Debug|Any CPU
		{B649ED25-D72E-438F-86B1-51E4DC57D69B}.Debug|Any CPU.Build.0 = Debug|Any CPU
		{B649ED25-D72E-438F-86B1-51E4DC57D69B}.Release|Any CPU.ActiveCfg = Release|Any CPU
		{B649ED25-D72E-438F-86B1-51E4DC57D69B}.Release|Any CPU.Build.0 = Release|Any CPU
	EndGlobalSection
	GlobalSection(SolutionProperties) = preSolution
		HideSolutionNode = FALSE
	EndGlobalSection
	GlobalSection(ExtensibilityGlobals) = postSolution
		SolutionGuid = {FF8FB132-C575-44FF-8E69-631E3E30A74D}
	EndGlobalSection
EndGlobal
